// !$*UTF8*$!
{
	archiveVersion = 1;
	classes = {
	};
	objectVersion = 55;
	objects = {

/* Begin PBXBuildFile section */
		FDA516E12804C86A00BE8FAE /* main.c in Sources */ = {isa = PBXBuildFile; fileRef = FDA516E02804C86A00BE8FAE /* main.c */; };
		FDA516E92804C88800BE8FAE /* ludecomp.c in Sources */ = {isa = PBXBuildFile; fileRef = FDA516E82804C88800BE8FAE /* ludecomp.c */; };
		FDA516ED2804D2B200BE8FAE /* nrutil.c in Sources */ = {isa = PBXBuildFile; fileRef = FDA516EA2804D2B200BE8FAE /* nrutil.c */; };
		FDA516F02804D9DE00BE8FAE /* tools.c in Sources */ = {isa = PBXBuildFile; fileRef = FDA516EF2804D9DE00BE8FAE /* tools.c */; };
/* End PBXBuildFile section */

/* Begin PBXCopyFilesBuildPhase section */
		FDA516DB2804C86A00BE8FAE /* CopyFiles */ = {
			isa = PBXCopyFilesBuildPhase;
			buildActionMask = 2147483647;
			dstPath = /usr/share/man/man1/;
			dstSubfolderSpec = 0;
			files = (
			);
			runOnlyForDeploymentPostprocessing = 1;
		};
/* End PBXCopyFilesBuildPhase section */

/* Begin PBXFileReference section */
		FDA516DD2804C86A00BE8FAE /* LU */ = {isa = PBXFileReference; explicitFileType = "compiled.mach-o.executable"; includeInIndex = 0; path = LU; sourceTree = BUILT_PRODUCTS_DIR; };
		FDA516E02804C86A00BE8FAE /* main.c */ = {isa = PBXFileReference; lastKnownFileType = sourcecode.c.c; path = main.c; sourceTree = "<group>"; };
		FDA516E72804C88800BE8FAE /* ludecomp.h */ = {isa = PBXFileReference; lastKnownFileType = sourcecode.c.h; path = ludecomp.h; sourceTree = "<group>"; };
		FDA516E82804C88800BE8FAE /* ludecomp.c */ = {isa = PBXFileReference; lastKnownFileType = sourcecode.c.c; path = ludecomp.c; sourceTree = "<group>"; };
		FDA516EA2804D2B200BE8FAE /* nrutil.c */ = {isa = PBXFileReference; fileEncoding = 4; lastKnownFileType = sourcecode.c.c; path = nrutil.c; sourceTree = "<group>"; };
		FDA516EB2804D2B200BE8FAE /* nr.h */ = {isa = PBXFileReference; fileEncoding = 4; lastKnownFileType = sourcecode.c.h; path = nr.h; sourceTree = "<group>"; };
		FDA516EC2804D2B200BE8FAE /* nrutil.h */ = {isa = PBXFileReference; fileEncoding = 4; lastKnownFileType = sourcecode.c.h; path = nrutil.h; sourceTree = "<group>"; };
		FDA516EE2804D9DE00BE8FAE /* tools.h */ = {isa = PBXFileReference; lastKnownFileType = sourcecode.c.h; path = tools.h; sourceTree = "<group>"; };
		FDA516EF2804D9DE00BE8FAE /* tools.c */ = {isa = PBXFileReference; lastKnownFileType = sourcecode.c.c; path = tools.c; sourceTree = "<group>"; };
/* End PBXFileReference section */

/* Begin PBXFrameworksBuildPhase section */
		FDA516DA2804C86A00BE8FAE /* Frameworks */ = {
			isa = PBXFrameworksBuildPhase;
			buildActionMask = 2147483647;
			files = (
			);
			runOnlyForDeploymentPostprocessing = 0;
		};
/* End PBXFrameworksBuildPhase section */

/* Begin PBXGroup section */
		FDA516D42804C86A00BE8FAE = {
			isa = PBXGroup;
			children = (
				FDA516DF2804C86A00BE8FAE /* LU */,
				FDA516DE2804C86A00BE8FAE /* Products */,
			);
			sourceTree = "<group>";
		};
		FDA516DE2804C86A00BE8FAE /* Products */ = {
			isa = PBXGroup;
			children = (
				FDA516DD2804C86A00BE8FAE /* LU */,
			);
			name = Products;
			sourceTree = "<group>";
		};
		FDA516DF2804C86A00BE8FAE /* LU */ = {
			isa = PBXGroup;
			children = (
				FDA516E02804C86A00BE8FAE /* main.c */,
				FDA516EB2804D2B200BE8FAE /* nr.h */,
				FDA516EA2804D2B200BE8FAE /* nrutil.c */,
				FDA516EC2804D2B200BE8FAE /* nrutil.h */,
				FDA516E72804C88800BE8FAE /* ludecomp.h */,
				FDA516E82804C88800BE8FAE /* ludecomp.c */,
				FDA516EE2804D9DE00BE8FAE /* tools.h */,
				FDA516EF2804D9DE00BE8FAE /* tools.c */,
			);
			path = LU;
			sourceTree = "<group>";
		};
/* End PBXGroup section */

/* Begin PBXNativeTarget section */
		FDA516DC2804C86A00BE8FAE /* LU */ = {
			isa = PBXNativeTarget;
			buildConfigurationList = FDA516E42804C86A00BE8FAE /* Build configuration list for PBXNativeTarget "LU" */;
			buildPhases = (
				FDA516D92804C86A00BE8FAE /* Sources */,
				FDA516DA2804C86A00BE8FAE /* Frameworks */,
				FDA516DB2804C86A00BE8FAE /* CopyFiles */,
			);
			buildRules = (
			);
			dependencies = (
			);
			name = LU;
			productName = LU;
			productReference = FDA516DD2804C86A00BE8FAE /* LU */;
			productType = "com.apple.product-type.tool";
		};
/* End PBXNativeTarget section */

/* Begin PBXProject section */
		FDA516D52804C86A00BE8FAE /* Project object */ = {
			isa = PBXProject;
			attributes = {
				BuildIndependentTargetsInParallel = 1;
				LastUpgradeCheck = 1330;
				TargetAttributes = {
					FDA516DC2804C86A00BE8FAE = {
						CreatedOnToolsVersion = 13.3;
					};
				};
			};
			buildConfigurationList = FDA516D82804C86A00BE8FAE /* Build configuration list for PBXProject "LU" */;
			compatibilityVersion = "Xcode 13.0";
			developmentRegion = en;
			hasScannedForEncodings = 0;
			knownRegions = (
				en,
				Base,
			);
			mainGroup = FDA516D42804C86A00BE8FAE;
			productRefGroup = FDA516DE2804C86A00BE8FAE /* Products */;
			projectDirPath = "";
			projectRoot = "";
			targets = (
				FDA516DC2804C86A00BE8FAE /* LU */,
			);
		};
/* End PBXProject section */

/* Begin PBXSourcesBuildPhase section */
		FDA516D92804C86A00BE8FAE /* Sources */ = {
			isa = PBXSourcesBuildPhase;
			buildActionMask = 2147483647;
			files = (
				FDA516E92804C88800BE8FAE /* ludecomp.c in Sources */,
				FDA516F02804D9DE00BE8FAE /* tools.c in Sources */,
				FDA516E12804C86A00BE8FAE /* main.c in Sources */,
				FDA516ED2804D2B200BE8FAE /* nrutil.c in Sources */,
			);
			runOnlyForDeploymentPostprocessing = 0;
		};
/* End PBXSourcesBuildPhase section */

/* Begin XCBuildConfiguration section */
		FDA516E22804C86A00BE8FAE /* Debug */ = {
			isa = XCBuildConfiguration;
			buildSettings = {
				ALWAYS_SEARCH_USER_PATHS = NO;
				CLANG_ANALYZER_NONNULL = YES;
				CLANG_ANALYZER_NUMBER_OBJECT_CONVERSION = YES_AGGRESSIVE;
				CLANG_CXX_LANGUAGE_STANDARD = "gnu++17";
				CLANG_ENABLE_MODULES = YES;
				CLANG_ENABLE_OBJC_ARC = YES;
				CLANG_ENABLE_OBJC_WEAK = YES;
				CLANG_WARN_BLOCK_CAPTURE_AUTORELEASING = YES;
				CLANG_WARN_BOOL_CONVERSION = YES;
				CLANG_WARN_COMMA = YES;
				CLANG_WARN_CONSTANT_CONVERSION = YES;
				CLANG_WARN_DEPRECATED_OBJC_IMPLEMENTATIONS = YES;
				CLANG_WARN_DIRECT_OBJC_ISA_USAGE = YES_ERROR;
				CLANG_WARN_DOCUMENTATION_COMMENTS = YES;
				CLANG_WARN_EMPTY_BODY = YES;
				CLANG_WARN_ENUM_CONVERSION = YES;
				CLANG_WARN_INFINITE_RECURSION = YES;
				CLANG_WARN_INT_CONVERSION = YES;
				CLANG_WARN_NON_LITERAL_NULL_CONVERSION = YES;
				CLANG_WARN_OBJC_IMPLICIT_RETAIN_SELF = YES;
				CLANG_WARN_OBJC_LITERAL_CONVERSION = YES;
				CLANG_WARN_OBJC_ROOT_CLASS = YES_ERROR;
				CLANG_WARN_QUOTED_INCLUDE_IN_FRAMEWORK_HEADER = YES;
				CLANG_WARN_RANGE_LOOP_ANALYSIS = YES;
				CLANG_WARN_STRICT_PROTOTYPES = YES;
				CLANG_WARN_SUSPICIOUS_MOVE = YES;
				CLANG_WARN_UNGUARDED_AVAILABILITY = YES_AGGRESSIVE;
				CLANG_WARN_UNREACHABLE_CODE = YES;
				CLANG_WARN__DUPLICATE_METHOD_MATCH = YES;
				COPY_PHASE_STRIP = NO;
				DEBUG_INFORMATION_FORMAT = dwarf;
				ENABLE_STRICT_OBJC_MSGSEND = YES;
				ENABLE_TESTABILITY = YES;
				GCC_C_LANGUAGE_STANDARD = gnu11;
				GCC_DYNAMIC_NO_PIC = NO;
				GCC_NO_COMMON_BLOCKS = YES;
				GCC_OPTIMIZATION_LEVEL = 0;
				GCC_PREPROCESSOR_DEFINITIONS = (
					"DEBUG=1",
					"$(inherited)",
				);
				GCC_WARN_64_TO_32_BIT_CONVERSION = YES;
				GCC_WARN_ABOUT_RETURN_TYPE = YES_ERROR;
				GCC_WARN_UNDECLARED_SELECTOR = YES;
				GCC_WARN_UNINITIALIZED_AUTOS = YES_AGGRESSIVE;
				GCC_WARN_UNUSED_FUNCTION = YES;
				GCC_WARN_UNUSED_VARIABLE = YES;
				MACOSX_DEPLOYMENT_TARGET = 12.2;
				MTL_ENABLE_DEBUG_INFO = INCLUDE_SOURCE;
				MTL_FAST_MATH = YES;
				ONLY_ACTIVE_ARCH = YES;
				SDKROOT = macosx;
			};
			name = Debug;
		};
		FDA516E32804C86A00BE8FAE /* Release */ = {
			isa = XCBuildConfiguration;
			buildSettings = {
				ALWAYS_SEARCH_USER_PATHS = NO;
				CLANG_ANALYZER_NONNULL = YES;
				CLANG_ANALYZER_NUMBER_OBJECT_CONVERSION = YES_AGGRESSIVE;
				CLANG_CXX_LANGUAGE_STANDARD = "gnu++17";
				CLANG_ENABLE_MODULES = YES;
				CLANG_ENABLE_OBJC_ARC = YES;
				CLANG_ENABLE_OBJC_WEAK = YES;
				CLANG_WARN_BLOCK_CAPTURE_AUTORELEASING = YES;
				CLANG_WARN_BOOL_CONVERSION = YES;
				CLANG_WARN_COMMA = YES;
				CLANG_WARN_CONSTANT_CONVERSION = YES;
				CLANG_WARN_DEPRECATED_OBJC_IMPLEMENTATIONS = YES;
				CLANG_WARN_DIRECT_OBJC_ISA_USAGE = YES_ERROR;
				CLANG_WARN_DOCUMENTATION_COMMENTS = YES;
				CLANG_WARN_EMPTY_BODY = YES;
				CLANG_WARN_ENUM_CONVERSION = YES;
				CLANG_WARN_INFINITE_RECURSION = YES;
				CLANG_WARN_INT_CONVERSION = YES;
				CLANG_WARN_NON_LITERAL_NULL_CONVERSION = YES;
				CLANG_WARN_OBJC_IMPLICIT_RETAIN_SELF = YES;
				CLANG_WARN_OBJC_LITERAL_CONVERSION = YES;
				CLANG_WARN_OBJC_ROOT_CLASS = YES_ERROR;
				CLANG_WARN_QUOTED_INCLUDE_IN_FRAMEWORK_HEADER = YES;
				CLANG_WARN_RANGE_LOOP_ANALYSIS = YES;
				CLANG_WARN_STRICT_PROTOTYPES = YES;
				CLANG_WARN_SUSPICIOUS_MOVE = YES;
				CLANG_WARN_UNGUARDED_AVAILABILITY = YES_AGGRESSIVE;
				CLANG_WARN_UNREACHABLE_CODE = YES;
				CLANG_WARN__DUPLICATE_METHOD_MATCH = YES;
				COPY_PHASE_STRIP = NO;
				DEBUG_INFORMATION_FORMAT = "dwarf-with-dsym";
				ENABLE_NS_ASSERTIONS = NO;
				ENABLE_STRICT_OBJC_MSGSEND = YES;
				GCC_C_LANGUAGE_STANDARD = gnu11;
				GCC_NO_COMMON_BLOCKS = YES;
				GCC_WARN_64_TO_32_BIT_CONVERSION = YES;
				GCC_WARN_ABOUT_RETURN_TYPE = YES_ERROR;
				GCC_WARN_UNDECLARED_SELECTOR = YES;
				GCC_WARN_UNINITIALIZED_AUTOS = YES_AGGRESSIVE;
				GCC_WARN_UNUSED_FUNCTION = YES;
				GCC_WARN_UNUSED_VARIABLE = YES;
				MACOSX_DEPLOYMENT_TARGET = 12.2;
				MTL_ENABLE_DEBUG_INFO = NO;
				MTL_FAST_MATH = YES;
				SDKROOT = macosx;
			};
			name = Release;
		};
		FDA516E52804C86A00BE8FAE /* Debug */ = {
			isa = XCBuildConfiguration;
			buildSettings = {
				CODE_SIGN_STYLE = Automatic;
				PRODUCT_NAME = "$(TARGET_NAME)";
			};
			name = Debug;
		};
		FDA516E62804C86A00BE8FAE /* Release */ = {
			isa = XCBuildConfiguration;
			buildSettings = {
				CODE_SIGN_STYLE = Automatic;
				PRODUCT_NAME = "$(TARGET_NAME)";
			};
			name = Release;
		};
/* End XCBuildConfiguration section */

/* Begin XCConfigurationList section */
		FDA516D82804C86A00BE8FAE /* Build configuration list for PBXProject "LU" */ = {
			isa = XCConfigurationList;
			buildConfigurations = (
				FDA516E22804C86A00BE8FAE /* Debug */,
				FDA516E32804C86A00BE8FAE /* Release */,
			);
			defaultConfigurationIsVisible = 0;
			defaultConfigurationName = Release;
		};
		FDA516E42804C86A00BE8FAE /* Build configuration list for PBXNativeTarget "LU" */ = {
			isa = XCConfigurationList;
			buildConfigurations = (
				FDA516E52804C86A00BE8FAE /* Debug */,
				FDA516E62804C86A00BE8FAE /* Release */,
			);
			defaultConfigurationIsVisible = 0;
			defaultConfigurationName = Release;
		};
/* End XCConfigurationList section */
	};
	rootObject = FDA516D52804C86A00BE8FAE /* Project object */;
}
